
Microsoft Visual Studio Solution File, Format Version 12.00
# Visual Studio Version 17
VisualStudioVersion = 17.9.34723.18
MinimumVisualStudioVersion = 10.0.40219.1
Project("{FAE04EC0-301F-11D3-BF4B-00C04F79EFBC}") = "BookSwap.Api", "BookSwap\BookSwap.Api.csproj", "{FC5B385F-3F83-45E6-B1F2-B4E8296C6624}"
EndProject
Project("{FAE04EC0-301F-11D3-BF4B-00C04F79EFBC}") = "BookSwap.Application", "BookSwap.Application\BookSwap.Application.csproj", "{5314306C-A3E1-4E4D-BDDD-3DD5243493F8}"
EndProject
Project("{FAE04EC0-301F-11D3-BF4B-00C04F79EFBC}") = "BookSwap.ApiService", "BookSwap.ApiService\BookSwap.ApiService.csproj", "{D922EBAE-A685-4C20-9283-26B40606E175}"
EndProject
Project("{FAE04EC0-301F-11D3-BF4B-00C04F79EFBC}") = "BookSwap.Infrastructure", "BookSwap.Infrastructure\BookSwap.Infrastructure.csproj", "{B6D78D4B-94EC-4FBC-85B3-F2ADBEE397E7}"
EndProject
Project("{FAE04EC0-301F-11D3-BF4B-00C04F79EFBC}") = "BookSwap.Core", "BookSwap.Core\BookSwap.Core.csproj", "{19411C1D-97F0-4D2E-A839-C8E1888B64D1}"
EndProject
Global
	GlobalSection(SolutionConfigurationPlatforms) = preSolution
		Debug|Any CPU = Debug|Any CPU
		Release|Any CPU = Release|Any CPU
	EndGlobalSection
	GlobalSection(ProjectConfigurationPlatforms) = postSolution
		{FC5B385F-3F83-45E6-B1F2-B4E8296C6624}.Debug|Any CPU.ActiveCfg = Debug|Any CPU
		{FC5B385F-3F83-45E6-B1F2-B4E8296C6624}.Debug|Any CPU.Build.0 = Debug|Any CPU
		{FC5B385F-3F83-45E6-B1F2-B4E8296C6624}.Release|Any CPU.ActiveCfg = Release|Any CPU
		{FC5B385F-3F83-45E6-B1F2-B4E8296C6624}.Release|Any CPU.Build.0 = Release|Any CPU
		{5314306C-A3E1-4E4D-BDDD-3DD5243493F8}.Debug|Any CPU.ActiveCfg = Debug|Any CPU
		{5314306C-A3E1-4E4D-BDDD-3DD5243493F8}.Debug|Any CPU.Build.0 = Debug|Any CPU
		{5314306C-A3E1-4E4D-BDDD-3DD5243493F8}.Release|Any CPU.ActiveCfg = Release|Any CPU
		{5314306C-A3E1-4E4D-BDDD-3DD5243493F8}.Release|Any CPU.Build.0 = Release|Any CPU
		{D922EBAE-A685-4C20-9283-26B40606E175}.Debug|Any CPU.ActiveCfg = Debug|Any CPU
		{D922EBAE-A685-4C20-9283-26B40606E175}.Debug|Any CPU.Build.0 = Debug|Any CPU
		{D922EBAE-A685-4C20-9283-26B40606E175}.Release|Any CPU.ActiveCfg = Release|Any CPU
		{D922EBAE-A685-4C20-9283-26B40606E175}.Release|Any CPU.Build.0 = Release|Any CPU
		{B6D78D4B-94EC-4FBC-85B3-F2ADBEE397E7}.Debug|Any CPU.ActiveCfg = Debug|Any CPU
		{B6D78D4B-94EC-4FBC-85B3-F2ADBEE397E7}.Debug|Any CPU.Build.0 = Debug|Any CPU
		{B6D78D4B-94EC-4FBC-85B3-F2ADBEE397E7}.Release|Any CPU.ActiveCfg = Release|Any CPU
		{B6D78D4B-94EC-4FBC-85B3-F2ADBEE397E7}.Release|Any CPU.Build.0 = Release|Any CPU
		{19411C1D-97F0-4D2E-A839-C8E1888B64D1}.Debug|Any CPU.ActiveCfg = Debug|Any CPU
		{19411C1D-97F0-4D2E-A839-C8E1888B64D1}.Debug|Any CPU.Build.0 = Debug|Any CPU
		{19411C1D-97F0-4D2E-A839-C8E1888B64D1}.Release|Any CPU.ActiveCfg = Release|Any CPU
		{19411C1D-97F0-4D2E-A839-C8E1888B64D1}.Release|Any CPU.Build.0 = Release|Any CPU
	EndGlobalSection
	GlobalSection(SolutionProperties) = preSolution
		HideSolutionNode = FALSE
	EndGlobalSection
	GlobalSection(ExtensibilityGlobals) = postSolution
		SolutionGuid = {63C879DF-C7BC-46F1-968B-E7E9260A9A8E}
	EndGlobalSection
EndGlobal
